<Solution>
  <Folder Name="/src/">
    <Project Path="src/PulseMeter/PulseMeter.csproj" />
  </Folder>
  <Folder Name="/tests/">
    <Project Path="tests/PulseMeter.Tests/PulseMeter.Tests.csproj" />
  </Folder>
  <Folder Name="/tools/">
    <Project Path="tools/PulseMeter.VisualHarness/PulseMeter.VisualHarness.csproj" />
  </Folder>
</Solution>
